// !$*UTF8*$!
{
	archiveVersion = 1;
	classes = {
	};
	objectVersion = 46;
	objects = {

/* Begin PBXBuildFile section */
		ABFF9D381D8E26260078B9A1 /* main.m in Sources */ = {isa = PBXBuildFile; fileRef = ABFF9D371D8E26260078B9A1 /* main.m */; };
		ABFF9D3B1D8E26260078B9A1 /* AppDelegate.m in Sources */ = {isa = PBXBuildFile; fileRef = ABFF9D3A1D8E26260078B9A1 /* AppDelegate.m */; };
		ABFF9D3E1D8E26260078B9A1 /* ViewController.m in Sources */ = {isa = PBXBuildFile; fileRef = ABFF9D3D1D8E26260078B9A1 /* ViewController.m */; };
		ABFF9D411D8E26260078B9A1 /* Main.storyboard in Resources */ = {isa = PBXBuildFile; fileRef = ABFF9D3F1D8E26260078B9A1 /* Main.storyboard */; };
		ABFF9D431D8E26260078B9A1 /* Assets.xcassets in Resources */ = {isa = PBXBuildFile; fileRef = ABFF9D421D8E26260078B9A1 /* Assets.xcassets */; };
		ABFF9D461D8E26260078B9A1 /* LaunchScreen.storyboard in Resources */ = {isa = PBXBuildFile; fileRef = ABFF9D441D8E26260078B9A1 /* LaunchScreen.storyboard */; };
/* End PBXBuildFile section */

/* Begin PBXFileReference section */
		ABFF9D331D8E26260078B9A1 /* Github-9-18.app */ = {isa = PBXFileReference; explicitFileType = wrapper.application; includeInIndex = 0; path = "Github-9-18.app"; sourceTree = BUILT_PRODUCTS_DIR; };
		ABFF9D371D8E26260078B9A1 /* main.m */ = {isa = PBXFileReference; lastKnownFileType = sourcecode.c.objc; path = main.m; sourceTree = "<group>"; };
		ABFF9D391D8E26260078B9A1 /* AppDelegate.h */ = {isa = PBXFileReference; lastKnownFileType = sourcecode.c.h; path = AppDelegate.h; sourceTree = "<group>"; };
		ABFF9D3A1D8E26260078B9A1 /* AppDelegate.m */ = {isa = PBXFileReference; lastKnownFileType = sourcecode.c.objc; path = AppDelegate.m; sourceTree = "<group>"; };
		ABFF9D3C1D8E26260078B9A1 /* ViewController.h */ = {isa = PBXFileReference; lastKnownFileType = sourcecode.c.h; path = ViewController.h; sourceTree = "<group>"; };
		ABFF9D3D1D8E26260078B9A1 /* ViewController.m */ = {isa = PBXFileReference; lastKnownFileType = sourcecode.c.objc; path = ViewController.m; sourceTree = "<group>"; };
		ABFF9D401D8E26260078B9A1 /* Base */ = {isa = PBXFileReference; lastKnownFileType = file.storyboard; name = Base; path = Base.lproj/Main.storyboard; sourceTree = "<group>"; };
		ABFF9D421D8E26260078B9A1 /* Assets.xcassets */ = {isa = PBXFileReference; lastKnownFileType = folder.assetcatalog; path = Assets.xcassets; sourceTree = "<group>"; };
		ABFF9D451D8E26260078B9A1 /* Base */ = {isa = PBXFileReference; lastKnownFileType = file.storyboard; name = Base; path = Base.lproj/LaunchScreen.storyboard; sourceTree = "<group>"; };
		ABFF9D471D8E26260078B9A1 /* Info.plist */ = {isa = PBXFileReference; lastKnownFileType = text.plist.xml; path = Info.plist; sourceTree = "<group>"; };
/* End PBXFileReference section */

/* Begin PBXFrameworksBuildPhase section */
		ABFF9D301D8E26260078B9A1 /* Frameworks */ = {
			isa = PBXFrameworksBuildPhase;
			buildActionMask = 2147483647;
			files = (
			);
			runOnlyForDeploymentPostprocessing = 0;
		};
/* End PBXFrameworksBuildPhase section */

/* Begin PBXGroup section */
		ABFF9D2A1D8E26260078B9A1 = {
			isa = PBXGroup;
			children = (
				ABFF9D351D8E26260078B9A1 /* Github-9-18 */,
				ABFF9D341D8E26260078B9A1 /* Products */,
			);
			sourceTree = "<group>";
		};
		ABFF9D341D8E26260078B9A1 /* Products */ = {
			isa = PBXGroup;
			children = (
				ABFF9D331D8E26260078B9A1 /* Github-9-18.app */,
			);
			name = Products;
			sourceTree = "<group>";
		};
		ABFF9D351D8E26260078B9A1 /* Github-9-18 */ = {
			isa = PBXGroup;
			children = (
				ABFF9D391D8E26260078B9A1 /* AppDelegate.h */,
				ABFF9D3A1D8E26260078B9A1 /* AppDelegate.m */,
				ABFF9D3C1D8E26260078B9A1 /* ViewController.h */,
				ABFF9D3D1D8E26260078B9A1 /* ViewController.m */,
				ABFF9D3F1D8E26260078B9A1 /* Main.storyboard */,
				ABFF9D421D8E26260078B9A1 /* Assets.xcassets */,
				ABFF9D441D8E26260078B9A1 /* LaunchScreen.storyboard */,
				ABFF9D471D8E26260078B9A1 /* Info.plist */,
				ABFF9D361D8E26260078B9A1 /* Supporting Files */,
			);
			path = "Github-9-18";
			sourceTree = "<group>";
		};
		ABFF9D361D8E26260078B9A1 /* Supporting Files */ = {
			isa = PBXGroup;
			children = (
				ABFF9D371D8E26260078B9A1 /* main.m */,
			);
			name = "Supporting Files";
			sourceTree = "<group>";
		};
/* End PBXGroup section */

/* Begin PBXNativeTarget section */
		ABFF9D321D8E26260078B9A1 /* Github-9-18 */ = {
			isa = PBXNativeTarget;
			buildConfigurationList = ABFF9D4A1D8E26260078B9A1 /* Build configuration list for PBXNativeTarget "Github-9-18" */;
			buildPhases = (
				ABFF9D2F1D8E26260078B9A1 /* Sources */,
				ABFF9D301D8E26260078B9A1 /* Frameworks */,
				ABFF9D311D8E26260078B9A1 /* Resources */,
			);
			buildRules = (
			);
			dependencies = (
			);
			name = "Github-9-18";
			productName = "Github-9-18";
			productReference = ABFF9D331D8E26260078B9A1 /* Github-9-18.app */;
			productType = "com.apple.product-type.application";
		};
/* End PBXNativeTarget section */

/* Begin PBXProject section */
		ABFF9D2B1D8E26260078B9A1 /* Project object */ = {
			isa = PBXProject;
			attributes = {
				LastUpgradeCheck = 0720;
				ORGANIZATIONNAME = "DC-002";
				TargetAttributes = {
					ABFF9D321D8E26260078B9A1 = {
						CreatedOnToolsVersion = 7.2;
						DevelopmentTeam = LZ3JW557S7;
					};
				};
			};
			buildConfigurationList = ABFF9D2E1D8E26260078B9A1 /* Build configuration list for PBXProject "Github-9-18" */;
			compatibilityVersion = "Xcode 3.2";
			developmentRegion = English;
			hasScannedForEncodings = 0;
			knownRegions = (
				en,
				Base,
			);
			mainGroup = ABFF9D2A1D8E26260078B9A1;
			productRefGroup = ABFF9D341D8E26260078B9A1 /* Products */;
			projectDirPath = "";
			projectRoot = "";
			targets = (
				ABFF9D321D8E26260078B9A1 /* Github-9-18 */,
			);
		};
/* End PBXProject section */

/* Begin PBXResourcesBuildPhase section */
		ABFF9D311D8E26260078B9A1 /* Resources */ = {
			isa = PBXResourcesBuildPhase;
			buildActionMask = 2147483647;
			files = (
				ABFF9D461D8E26260078B9A1 /* LaunchScreen.storyboard in Resources */,
				ABFF9D431D8E26260078B9A1 /* Assets.xcassets in Resources */,
				ABFF9D411D8E26260078B9A1 /* Main.storyboard in Resources */,
			);
			runOnlyForDeploymentPostprocessing = 0;
		};
/* End PBXResourcesBuildPhase section */

/* Begin PBXSourcesBuildPhase section */
		ABFF9D2F1D8E26260078B9A1 /* Sources */ = {
			isa = PBXSourcesBuildPhase;
			buildActionMask = 2147483647;
			files = (
				ABFF9D3E1D8E26260078B9A1 /* ViewController.m in Sources */,
				ABFF9D3B1D8E26260078B9A1 /* AppDelegate.m in Sources */,
				ABFF9D381D8E26260078B9A1 /* main.m in Sources */,
			);
			runOnlyForDeploymentPostprocessing = 0;
		};
/* End PBXSourcesBuildPhase section */

/* Begin PBXVariantGroup section */
		ABFF9D3F1D8E26260078B9A1 /* Main.storyboard */ = {
			isa = PBXVariantGroup;
			children = (
				ABFF9D401D8E26260078B9A1 /* Base */,
			);
			name = Main.storyboard;
			sourceTree = "<group>";
		};
		ABFF9D441D8E26260078B9A1 /* LaunchScreen.storyboard */ = {
			isa = PBXVariantGroup;
			children = (
				ABFF9D451D8E26260078B9A1 /* Base */,
			);
			name = LaunchScreen.storyboard;
			sourceTree = "<group>";
		};
/* End PBXVariantGroup section */

/* Begin XCBuildConfiguration section */
		ABFF9D481D8E26260078B9A1 /* Debug */ = {
			isa = XCBuildConfiguration;
			buildSettings = {
				ALWAYS_SEARCH_USER_PATHS = NO;
				CLANG_CXX_LANGUAGE_STANDARD = "gnu++0x";
				CLANG_CXX_LIBRARY = "libc++";
				CLANG_ENABLE_MODULES = YES;
				CLANG_ENABLE_OBJC_ARC = YES;
				CLANG_WARN_BOOL_CONVERSION = YES;
				CLANG_WARN_CONSTANT_CONVERSION = YES;
				CLANG_WARN_DIRECT_OBJC_ISA_USAGE = YES_ERROR;
				CLANG_WARN_EMPTY_BODY = YES;
				CLANG_WARN_ENUM_CONVERSION = YES;
				CLANG_WARN_INT_CONVERSION = YES;
				CLANG_WARN_OBJC_ROOT_CLASS = YES_ERROR;
				CLANG_WARN_UNREACHABLE_CODE = YES;
				CLANG_WARN__DUPLICATE_METHOD_MATCH = YES;
				"CODE_SIGN_IDENTITY[sdk=iphoneos*]" = "iPhone Developer";
				COPY_PHASE_STRIP = NO;
				DEBUG_INFORMATION_FORMAT = dwarf;
				ENABLE_STRICT_OBJC_MSGSEND = YES;
				ENABLE_TESTABILITY = YES;
				GCC_C_LANGUAGE_STANDARD = gnu99;
				GCC_DYNAMIC_NO_PIC = NO;
				GCC_NO_COMMON_BLOCKS = YES;
				GCC_OPTIMIZATION_LEVEL = 0;
				GCC_PREPROCESSOR_DEFINITIONS = (
					"DEBUG=1",
					"$(inherited)",
				);
				GCC_WARN_64_TO_32_BIT_CONVERSION = YES;
				GCC_WARN_ABOUT_RETURN_TYPE = YES_ERROR;
				GCC_WARN_UNDECLARED_SELECTOR = YES;
				GCC_WARN_UNINITIALIZED_AUTOS = YES_AGGRESSIVE;
				GCC_WARN_UNUSED_FUNCTION = YES;
				GCC_WARN_UNUSED_VARIABLE = YES;
				IPHONEOS_DEPLOYMENT_TARGET = 9.2;
				MTL_ENABLE_DEBUG_INFO = YES;
				ONLY_ACTIVE_ARCH = YES;
				SDKROOT = iphoneos;
			};
			name = Debug;
		};
		ABFF9D491D8E26260078B9A1 /* Release */ = {
			isa = XCBuildConfiguration;
			buildSettings = {
				ALWAYS_SEARCH_USER_PATHS = NO;
				CLANG_CXX_LANGUAGE_STANDARD = "gnu++0x";
				CLANG_CXX_LIBRARY = "libc++";
				CLANG_ENABLE_MODULES = YES;
				CLANG_ENABLE_OBJC_ARC = YES;
				CLANG_WARN_BOOL_CONVERSION = YES;
				CLANG_WARN_CONSTANT_CONVERSION = YES;
				CLANG_WARN_DIRECT_OBJC_ISA_USAGE = YES_ERROR;
				CLANG_WARN_EMPTY_BODY = YES;
				CLANG_WARN_ENUM_CONVERSION = YES;
				CLANG_WARN_INT_CONVERSION = YES;
				CLANG_WARN_OBJC_ROOT_CLASS = YES_ERROR;
				CLANG_WARN_UNREACHABLE_CODE = YES;
				CLANG_WARN__DUPLICATE_METHOD_MATCH = YES;
				"CODE_SIGN_IDENTITY[sdk=iphoneos*]" = "iPhone Developer";
				COPY_PHASE_STRIP = NO;
				DEBUG_INFORMATION_FORMAT = "dwarf-with-dsym";
				ENABLE_NS_ASSERTIONS = NO;
				ENABLE_STRICT_OBJC_MSGSEND = YES;
				GCC_C_LANGUAGE_STANDARD = gnu99;
				GCC_NO_COMMON_BLOCKS = YES;
				GCC_WARN_64_TO_32_BIT_CONVERSION = YES;
				GCC_WARN_ABOUT_RETURN_TYPE = YES_ERROR;
				GCC_WARN_UNDECLARED_SELECTOR = YES;
				GCC_WARN_UNINITIALIZED_AUTOS = YES_AGGRESSIVE;
				GCC_WARN_UNUSED_FUNCTION = YES;
				GCC_WARN_UNUSED_VARIABLE = YES;
				IPHONEOS_DEPLOYMENT_TARGET = 9.2;
				MTL_ENABLE_DEBUG_INFO = NO;
				SDKROOT = iphoneos;
				VALIDATE_PRODUCT = YES;
			};
			name = Release;
		};
		ABFF9D4B1D8E26260078B9A1 /* Debug */ = {
			isa = XCBuildConfiguration;
			buildSettings = {
				ASSETCATALOG_COMPILER_APPICON_NAME = AppIcon;
				INFOPLIST_FILE = "Github-9-18/Info.plist";
				LD_RUNPATH_SEARCH_PATHS = "$(inherited) @executable_path/Frameworks";
				PRODUCT_BUNDLE_IDENTIFIER = "DC.Github-9-18";
				PRODUCT_NAME = "$(TARGET_NAME)";
			};
			name = Debug;
		};
		ABFF9D4C1D8E26260078B9A1 /* Release */ = {
			isa = XCBuildConfiguration;
			buildSettings = {
				ASSETCATALOG_COMPILER_APPICON_NAME = AppIcon;
				INFOPLIST_FILE = "Github-9-18/Info.plist";
				LD_RUNPATH_SEARCH_PATHS = "$(inherited) @executable_path/Frameworks";
				PRODUCT_BUNDLE_IDENTIFIER = "DC.Github-9-18";
				PRODUCT_NAME = "$(TARGET_NAME)";
			};
			name = Release;
		};
/* End XCBuildConfiguration section */

/* Begin XCConfigurationList section */
		ABFF9D2E1D8E26260078B9A1 /* Build configuration list for PBXProject "Github-9-18" */ = {
			isa = XCConfigurationList;
			buildConfigurations = (
				ABFF9D481D8E26260078B9A1 /* Debug */,
				ABFF9D491D8E26260078B9A1 /* Release */,
			);
			defaultConfigurationIsVisible = 0;
			defaultConfigurationName = Release;
		};
		ABFF9D4A1D8E26260078B9A1 /* Build configuration list for PBXNativeTarget "Github-9-18" */ = {
			isa = XCConfigurationList;
			buildConfigurations = (
				ABFF9D4B1D8E26260078B9A1 /* Debug */,
				ABFF9D4C1D8E26260078B9A1 /* Release */,
			);
			defaultConfigurationIsVisible = 0;
		};
/* End XCConfigurationList section */
	};
	rootObject = ABFF9D2B1D8E26260078B9A1 /* Project object */;
}
